# THIS IS AN AUTOGENERATED FILE. DO NOT EDIT THIS FILE DIRECTLY.
# yarn lockfile v1


"@unumid/types@git+ssh://git@github.com/UnumID/types.git#pres":
  version "1.5.1"
  resolved "git+ssh://git@github.com/UnumID/types.git#ba2d9fcffd4bcac39f98bb714880f57ef84a54a9"
  dependencies:
    runtypes "^6.0.0"

runtypes@^6.0.0:
  version "6.0.0"
  resolved "https://registry.yarnpkg.com/runtypes/-/runtypes-6.0.0.tgz#0010e7e050a41d4ab38b6138051dfb8774a53f07"
  integrity sha512-hVBZ2S0i9MmyViSpwCU7TGFuEZxjPIeTMbhCpz59/8C3IGbPL6N03bIVALGfVWZQ+MTXORjWpWnZUP3hPyw96w==
