# THIS IS AN AUTOGENERATED FILE. DO NOT EDIT THIS FILE DIRECTLY.
# yarn lockfile v1


"@unumid/types-deprecated@git+ssh://git@github.com/UnumID/types.git#1.5.0":
  version "1.5.0"
  resolved "git+ssh://git@github.com/UnumID/types.git#ed25da7c28fa6a3de2e242442e9d512e1b0875d2"
  dependencies:
    runtypes "^6.0.0"

"@unumid/types@git+ssh://git@github.com/UnumID/types.git#pres":
  version "1.5.1"
  resolved "git+ssh://git@github.com/UnumID/types.git#461c7fb3fcdb9ca9c79bc41b14736a279619b955"
  dependencies:
    runtypes "^6.0.0"

runtypes@^6.0.0:
  version "6.2.1"
  resolved "https://registry.yarnpkg.com/runtypes/-/runtypes-6.2.1.tgz#d6767b3ad35dcc5ba1ef7ff0ff76cbabab3a93b5"
  integrity sha512-ZzOBGSPYT7qas93oNfHyoVG6eZyuLJ1husI+892RB/gsHwd+Rc4u61/5XCunNMDjKb0jl3LB/2wq12UCuaWoxQ==
